// !$*UTF8*$!
{
	archiveVersion = 1;
	classes = {
	};
	objectVersion = 56;
	objects = {

/* Begin PBXBuildFile section */
		1CA36F5B2CCA57F6006BB817 /* AppDelegate.swift in Sources */ = {isa = PBXBuildFile; fileRef = 1CA36F5A2CCA57F6006BB817 /* AppDelegate.swift */; };
		1CA36F5D2CCA57F6006BB817 /* SceneDelegate.swift in Sources */ = {isa = PBXBuildFile; fileRef = 1CA36F5C2CCA57F6006BB817 /* SceneDelegate.swift */; };
		1CA36F5F2CCA57F6006BB817 /* ViewController.swift in Sources */ = {isa = PBXBuildFile; fileRef = 1CA36F5E2CCA57F6006BB817 /* ViewController.swift */; };
		1CA36F622CCA57F6006BB817 /* Base in Resources */ = {isa = PBXBuildFile; fileRef = 1CA36F612CCA57F6006BB817 /* Base */; };
		1CA36F642CCA57F7006BB817 /* Assets.xcassets in Resources */ = {isa = PBXBuildFile; fileRef = 1CA36F632CCA57F7006BB817 /* Assets.xcassets */; };
		1CA36F672CCA57F7006BB817 /* Base in Resources */ = {isa = PBXBuildFile; fileRef = 1CA36F662CCA57F7006BB817 /* Base */; };
		1CB02E692CE34B9800BC6CC6 /* ScoresViewController.swift in Sources */ = {isa = PBXBuildFile; fileRef = 1CB02E682CE34B9800BC6CC6 /* ScoresViewController.swift */; };
		1CFE1A262CD16560008273E7 /* wrong_answer.mp3 in Resources */ = {isa = PBXBuildFile; fileRef = 1CFE1A222CD16560008273E7 /* wrong_answer.mp3 */; };
		1CFE1A272CD16560008273E7 /* new_level.mp3 in Resources */ = {isa = PBXBuildFile; fileRef = 1CFE1A232CD16560008273E7 /* new_level.mp3 */; };
		1CFE1A282CD16560008273E7 /* right_answer.mp3 in Resources */ = {isa = PBXBuildFile; fileRef = 1CFE1A242CD16560008273E7 /* right_answer.mp3 */; };
/* End PBXBuildFile section */

/* Begin PBXFileReference section */
		1CA36F572CCA57F6006BB817 /* MathBusters.app */ = {isa = PBXFileReference; explicitFileType = wrapper.application; includeInIndex = 0; path = MathBusters.app; sourceTree = BUILT_PRODUCTS_DIR; };
		1CA36F5A2CCA57F6006BB817 /* AppDelegate.swift */ = {isa = PBXFileReference; lastKnownFileType = sourcecode.swift; path = AppDelegate.swift; sourceTree = "<group>"; };
		1CA36F5C2CCA57F6006BB817 /* SceneDelegate.swift */ = {isa = PBXFileReference; lastKnownFileType = sourcecode.swift; path = SceneDelegate.swift; sourceTree = "<group>"; };
		1CA36F5E2CCA57F6006BB817 /* ViewController.swift */ = {isa = PBXFileReference; lastKnownFileType = sourcecode.swift; path = ViewController.swift; sourceTree = "<group>"; };
		1CA36F612CCA57F6006BB817 /* Base */ = {isa = PBXFileReference; lastKnownFileType = file.storyboard; name = Base; path = Base.lproj/Main.storyboard; sourceTree = "<group>"; };
		1CA36F632CCA57F7006BB817 /* Assets.xcassets */ = {isa = PBXFileReference; lastKnownFileType = folder.assetcatalog; path = Assets.xcassets; sourceTree = "<group>"; };
		1CA36F662CCA57F7006BB817 /* Base */ = {isa = PBXFileReference; lastKnownFileType = file.storyboard; name = Base; path = Base.lproj/LaunchScreen.storyboard; sourceTree = "<group>"; };
		1CA36F682CCA57F7006BB817 /* Info.plist */ = {isa = PBXFileReference; lastKnownFileType = text.plist.xml; path = Info.plist; sourceTree = "<group>"; };
		1CB02E682CE34B9800BC6CC6 /* ScoresViewController.swift */ = {isa = PBXFileReference; lastKnownFileType = sourcecode.swift; path = ScoresViewController.swift; sourceTree = "<group>"; };
		1CFE1A222CD16560008273E7 /* wrong_answer.mp3 */ = {isa = PBXFileReference; lastKnownFileType = audio.mp3; path = wrong_answer.mp3; sourceTree = "<group>"; };
		1CFE1A232CD16560008273E7 /* new_level.mp3 */ = {isa = PBXFileReference; lastKnownFileType = audio.mp3; path = new_level.mp3; sourceTree = "<group>"; };
		1CFE1A242CD16560008273E7 /* right_answer.mp3 */ = {isa = PBXFileReference; lastKnownFileType = audio.mp3; path = right_answer.mp3; sourceTree = "<group>"; };
/* End PBXFileReference section */

/* Begin PBXFrameworksBuildPhase section */
		1CA36F542CCA57F6006BB817 /* Frameworks */ = {
			isa = PBXFrameworksBuildPhase;
			buildActionMask = 2147483647;
			files = (
			);
			runOnlyForDeploymentPostprocessing = 0;
		};
/* End PBXFrameworksBuildPhase section */

/* Begin PBXGroup section */
		1CA36F4E2CCA57F6006BB817 = {
			isa = PBXGroup;
			children = (
				1CA36F592CCA57F6006BB817 /* MathBusters */,
				1CA36F582CCA57F6006BB817 /* Products */,
			);
			sourceTree = "<group>";
		};
		1CA36F582CCA57F6006BB817 /* Products */ = {
			isa = PBXGroup;
			children = (
				1CA36F572CCA57F6006BB817 /* MathBusters.app */,
			);
			name = Products;
			sourceTree = "<group>";
		};
		1CA36F592CCA57F6006BB817 /* MathBusters */ = {
			isa = PBXGroup;
			children = (
				1CA36F6E2CCA5867006BB817 /* App */,
				1CA36F6F2CCA5898006BB817 /* Controller */,
				1CA36F702CCA58D3006BB817 /* Resource */,
				1CA36F682CCA57F7006BB817 /* Info.plist */,
			);
			path = MathBusters;
			sourceTree = "<group>";
		};
		1CA36F6E2CCA5867006BB817 /* App */ = {
			isa = PBXGroup;
			children = (
				1CA36F5C2CCA57F6006BB817 /* SceneDelegate.swift */,
				1CA36F652CCA57F7006BB817 /* LaunchScreen.storyboard */,
				1CA36F5A2CCA57F6006BB817 /* AppDelegate.swift */,
			);
			path = App;
			sourceTree = "<group>";
		};
		1CA36F6F2CCA5898006BB817 /* Controller */ = {
			isa = PBXGroup;
			children = (
				1CA36F602CCA57F6006BB817 /* Main.storyboard */,
				1CA36F5E2CCA57F6006BB817 /* ViewController.swift */,
				1CB02E682CE34B9800BC6CC6 /* ScoresViewController.swift */,
			);
			path = Controller;
			sourceTree = "<group>";
		};
		1CA36F702CCA58D3006BB817 /* Resource */ = {
			isa = PBXGroup;
			children = (
				1CFE1A252CD16560008273E7 /* Sounds */,
				1CA36F632CCA57F7006BB817 /* Assets.xcassets */,
			);
			path = Resource;
			sourceTree = "<group>";
		};
		1CFE1A252CD16560008273E7 /* Sounds */ = {
			isa = PBXGroup;
			children = (
				1CFE1A222CD16560008273E7 /* wrong_answer.mp3 */,
				1CFE1A232CD16560008273E7 /* new_level.mp3 */,
				1CFE1A242CD16560008273E7 /* right_answer.mp3 */,
			);
			name = Sounds;
			path = ../../../../Sounds;
			sourceTree = "<group>";
		};
/* End PBXGroup section */

/* Begin PBXNativeTarget section */
		1CA36F562CCA57F6006BB817 /* MathBusters */ = {
			isa = PBXNativeTarget;
			buildConfigurationList = 1CA36F6B2CCA57F7006BB817 /* Build configuration list for PBXNativeTarget "MathBusters" */;
			buildPhases = (
				1CA36F532CCA57F6006BB817 /* Sources */,
				1CA36F542CCA57F6006BB817 /* Frameworks */,
				1CA36F552CCA57F6006BB817 /* Resources */,
			);
			buildRules = (
			);
			dependencies = (
			);
			name = MathBusters;
			productName = MathBusters;
			productReference = 1CA36F572CCA57F6006BB817 /* MathBusters.app */;
			productType = "com.apple.product-type.application";
		};
/* End PBXNativeTarget section */

/* Begin PBXProject section */
		1CA36F4F2CCA57F6006BB817 /* Project object */ = {
			isa = PBXProject;
			attributes = {
				BuildIndependentTargetsInParallel = 1;
				LastSwiftUpdateCheck = 1540;
				LastUpgradeCheck = 1540;
				TargetAttributes = {
					1CA36F562CCA57F6006BB817 = {
						CreatedOnToolsVersion = 15.4;
					};
				};
			};
			buildConfigurationList = 1CA36F522CCA57F6006BB817 /* Build configuration list for PBXProject "MathBusters" */;
			compatibilityVersion = "Xcode 14.0";
			developmentRegion = en;
			hasScannedForEncodings = 0;
			knownRegions = (
				en,
				Base,
			);
			mainGroup = 1CA36F4E2CCA57F6006BB817;
			productRefGroup = 1CA36F582CCA57F6006BB817 /* Products */;
			projectDirPath = "";
			projectRoot = "";
			targets = (
				1CA36F562CCA57F6006BB817 /* MathBusters */,
			);
		};
/* End PBXProject section */

/* Begin PBXResourcesBuildPhase section */
		1CA36F552CCA57F6006BB817 /* Resources */ = {
			isa = PBXResourcesBuildPhase;
			buildActionMask = 2147483647;
			files = (
				1CA36F642CCA57F7006BB817 /* Assets.xcassets in Resources */,
				1CFE1A262CD16560008273E7 /* wrong_answer.mp3 in Resources */,
				1CA36F672CCA57F7006BB817 /* Base in Resources */,
				1CFE1A272CD16560008273E7 /* new_level.mp3 in Resources */,
				1CFE1A282CD16560008273E7 /* right_answer.mp3 in Resources */,
				1CA36F622CCA57F6006BB817 /* Base in Resources */,
			);
			runOnlyForDeploymentPostprocessing = 0;
		};
/* End PBXResourcesBuildPhase section */

/* Begin PBXSourcesBuildPhase section */
		1CA36F532CCA57F6006BB817 /* Sources */ = {
			isa = PBXSourcesBuildPhase;
			buildActionMask = 2147483647;
			files = (
				1CA36F5F2CCA57F6006BB817 /* ViewController.swift in Sources */,
				1CA36F5B2CCA57F6006BB817 /* AppDelegate.swift in Sources */,
				1CA36F5D2CCA57F6006BB817 /* SceneDelegate.swift in Sources */,
				1CB02E692CE34B9800BC6CC6 /* ScoresViewController.swift in Sources */,
			);
			runOnlyForDeploymentPostprocessing = 0;
		};
/* End PBXSourcesBuildPhase section */

/* Begin PBXVariantGroup section */
		1CA36F602CCA57F6006BB817 /* Main.storyboard */ = {
			isa = PBXVariantGroup;
			children = (
				1CA36F612CCA57F6006BB817 /* Base */,
			);
			name = Main.storyboard;
			sourceTree = "<group>";
		};
		1CA36F652CCA57F7006BB817 /* LaunchScreen.storyboard */ = {
			isa = PBXVariantGroup;
			children = (
				1CA36F662CCA57F7006BB817 /* Base */,
			);
			name = LaunchScreen.storyboard;
			sourceTree = "<group>";
		};
/* End PBXVariantGroup section */

/* Begin XCBuildConfiguration section */
		1CA36F692CCA57F7006BB817 /* Debug */ = {
			isa = XCBuildConfiguration;
			buildSettings = {
				ALWAYS_SEARCH_USER_PATHS = NO;
				ASSETCATALOG_COMPILER_GENERATE_SWIFT_ASSET_SYMBOL_EXTENSIONS = YES;
				CLANG_ANALYZER_NONNULL = YES;
				CLANG_ANALYZER_NUMBER_OBJECT_CONVERSION = YES_AGGRESSIVE;
				CLANG_CXX_LANGUAGE_STANDARD = "gnu++20";
				CLANG_ENABLE_MODULES = YES;
				CLANG_ENABLE_OBJC_ARC = YES;
				CLANG_ENABLE_OBJC_WEAK = YES;
				CLANG_WARN_BLOCK_CAPTURE_AUTORELEASING = YES;
				CLANG_WARN_BOOL_CONVERSION = YES;
				CLANG_WARN_COMMA = YES;
				CLANG_WARN_CONSTANT_CONVERSION = YES;
				CLANG_WARN_DEPRECATED_OBJC_IMPLEMENTATIONS = YES;
				CLANG_WARN_DIRECT_OBJC_ISA_USAGE = YES_ERROR;
				CLANG_WARN_DOCUMENTATION_COMMENTS = YES;
				CLANG_WARN_EMPTY_BODY = YES;
				CLANG_WARN_ENUM_CONVERSION = YES;
				CLANG_WARN_INFINITE_RECURSION = YES;
				CLANG_WARN_INT_CONVERSION = YES;
				CLANG_WARN_NON_LITERAL_NULL_CONVERSION = YES;
				CLANG_WARN_OBJC_IMPLICIT_RETAIN_SELF = YES;
				CLANG_WARN_OBJC_LITERAL_CONVERSION = YES;
				CLANG_WARN_OBJC_ROOT_CLASS = YES_ERROR;
				CLANG_WARN_QUOTED_INCLUDE_IN_FRAMEWORK_HEADER = YES;
				CLANG_WARN_RANGE_LOOP_ANALYSIS = YES;
				CLANG_WARN_STRICT_PROTOTYPES = YES;
				CLANG_WARN_SUSPICIOUS_MOVE = YES;
				CLANG_WARN_UNGUARDED_AVAILABILITY = YES_AGGRESSIVE;
				CLANG_WARN_UNREACHABLE_CODE = YES;
				CLANG_WARN__DUPLICATE_METHOD_MATCH = YES;
				COPY_PHASE_STRIP = NO;
				DEBUG_INFORMATION_FORMAT = dwarf;
				ENABLE_STRICT_OBJC_MSGSEND = YES;
				ENABLE_TESTABILITY = YES;
				ENABLE_USER_SCRIPT_SANDBOXING = YES;
				GCC_C_LANGUAGE_STANDARD = gnu17;
				GCC_DYNAMIC_NO_PIC = NO;
				GCC_NO_COMMON_BLOCKS = YES;
				GCC_OPTIMIZATION_LEVEL = 0;
				GCC_PREPROCESSOR_DEFINITIONS = (
					"DEBUG=1",
					"$(inherited)",
				);
				GCC_WARN_64_TO_32_BIT_CONVERSION = YES;
				GCC_WARN_ABOUT_RETURN_TYPE = YES_ERROR;
				GCC_WARN_UNDECLARED_SELECTOR = YES;
				GCC_WARN_UNINITIALIZED_AUTOS = YES_AGGRESSIVE;
				GCC_WARN_UNUSED_FUNCTION = YES;
				GCC_WARN_UNUSED_VARIABLE = YES;
				IPHONEOS_DEPLOYMENT_TARGET = 17.5;
				LOCALIZATION_PREFERS_STRING_CATALOGS = YES;
				MTL_ENABLE_DEBUG_INFO = INCLUDE_SOURCE;
				MTL_FAST_MATH = YES;
				ONLY_ACTIVE_ARCH = YES;
				SDKROOT = iphoneos;
				SWIFT_ACTIVE_COMPILATION_CONDITIONS = "DEBUG $(inherited)";
				SWIFT_OPTIMIZATION_LEVEL = "-Onone";
			};
			name = Debug;
		};
		1CA36F6A2CCA57F7006BB817 /* Release */ = {
			isa = XCBuildConfiguration;
			buildSettings = {
				ALWAYS_SEARCH_USER_PATHS = NO;
				ASSETCATALOG_COMPILER_GENERATE_SWIFT_ASSET_SYMBOL_EXTENSIONS = YES;
				CLANG_ANALYZER_NONNULL = YES;
				CLANG_ANALYZER_NUMBER_OBJECT_CONVERSION = YES_AGGRESSIVE;
				CLANG_CXX_LANGUAGE_STANDARD = "gnu++20";
				CLANG_ENABLE_MODULES = YES;
				CLANG_ENABLE_OBJC_ARC = YES;
				CLANG_ENABLE_OBJC_WEAK = YES;
				CLANG_WARN_BLOCK_CAPTURE_AUTORELEASING = YES;
				CLANG_WARN_BOOL_CONVERSION = YES;
				CLANG_WARN_COMMA = YES;
				CLANG_WARN_CONSTANT_CONVERSION = YES;
				CLANG_WARN_DEPRECATED_OBJC_IMPLEMENTATIONS = YES;
				CLANG_WARN_DIRECT_OBJC_ISA_USAGE = YES_ERROR;
				CLANG_WARN_DOCUMENTATION_COMMENTS = YES;
				CLANG_WARN_EMPTY_BODY = YES;
				CLANG_WARN_ENUM_CONVERSION = YES;
				CLANG_WARN_INFINITE_RECURSION = YES;
				CLANG_WARN_INT_CONVERSION = YES;
				CLANG_WARN_NON_LITERAL_NULL_CONVERSION = YES;
				CLANG_WARN_OBJC_IMPLICIT_RETAIN_SELF = YES;
				CLANG_WARN_OBJC_LITERAL_CONVERSION = YES;
				CLANG_WARN_OBJC_ROOT_CLASS = YES_ERROR;
				CLANG_WARN_QUOTED_INCLUDE_IN_FRAMEWORK_HEADER = YES;
				CLANG_WARN_RANGE_LOOP_ANALYSIS = YES;
				CLANG_WARN_STRICT_PROTOTYPES = YES;
				CLANG_WARN_SUSPICIOUS_MOVE = YES;
				CLANG_WARN_UNGUARDED_AVAILABILITY = YES_AGGRESSIVE;
				CLANG_WARN_UNREACHABLE_CODE = YES;
				CLANG_WARN__DUPLICATE_METHOD_MATCH = YES;
				COPY_PHASE_STRIP = NO;
				DEBUG_INFORMATION_FORMAT = "dwarf-with-dsym";
				ENABLE_NS_ASSERTIONS = NO;
				ENABLE_STRICT_OBJC_MSGSEND = YES;
				ENABLE_USER_SCRIPT_SANDBOXING = YES;
				GCC_C_LANGUAGE_STANDARD = gnu17;
				GCC_NO_COMMON_BLOCKS = YES;
				GCC_WARN_64_TO_32_BIT_CONVERSION = YES;
				GCC_WARN_ABOUT_RETURN_TYPE = YES_ERROR;
				GCC_WARN_UNDECLARED_SELECTOR = YES;
				GCC_WARN_UNINITIALIZED_AUTOS = YES_AGGRESSIVE;
				GCC_WARN_UNUSED_FUNCTION = YES;
				GCC_WARN_UNUSED_VARIABLE = YES;
				IPHONEOS_DEPLOYMENT_TARGET = 17.5;
				LOCALIZATION_PREFERS_STRING_CATALOGS = YES;
				MTL_ENABLE_DEBUG_INFO = NO;
				MTL_FAST_MATH = YES;
				SDKROOT = iphoneos;
				SWIFT_COMPILATION_MODE = wholemodule;
				VALIDATE_PRODUCT = YES;
			};
			name = Release;
		};
		1CA36F6C2CCA57F7006BB817 /* Debug */ = {
			isa = XCBuildConfiguration;
			buildSettings = {
				ASSETCATALOG_COMPILER_APPICON_NAME = AppIcon;
				ASSETCATALOG_COMPILER_GLOBAL_ACCENT_COLOR_NAME = AccentColor;
				CODE_SIGN_STYLE = Automatic;
				CURRENT_PROJECT_VERSION = 1;
				GENERATE_INFOPLIST_FILE = YES;
				INFOPLIST_FILE = MathBusters/Info.plist;
				INFOPLIST_KEY_UIApplicationSupportsIndirectInputEvents = YES;
				INFOPLIST_KEY_UILaunchStoryboardName = LaunchScreen;
				INFOPLIST_KEY_UIMainStoryboardFile = Main;
				INFOPLIST_KEY_UISupportedInterfaceOrientations_iPad = "UIInterfaceOrientationPortrait UIInterfaceOrientationPortraitUpsideDown UIInterfaceOrientationLandscapeLeft UIInterfaceOrientationLandscapeRight";
				INFOPLIST_KEY_UISupportedInterfaceOrientations_iPhone = "UIInterfaceOrientationPortrait UIInterfaceOrientationLandscapeLeft UIInterfaceOrientationLandscapeRight";
				IPHONEOS_DEPLOYMENT_TARGET = 15.0;
				LD_RUNPATH_SEARCH_PATHS = (
					"$(inherited)",
					"@executable_path/Frameworks",
				);
				MARKETING_VERSION = 1.0;
				PRODUCT_BUNDLE_IDENTIFIER = com.omarbayev.MathBusters;
				PRODUCT_NAME = "$(TARGET_NAME)";
				SWIFT_EMIT_LOC_STRINGS = YES;
				SWIFT_VERSION = 5.0;
				TARGETED_DEVICE_FAMILY = "1,2";
			};
			name = Debug;
		};
		1CA36F6D2CCA57F7006BB817 /* Release */ = {
			isa = XCBuildConfiguration;
			buildSettings = {
				ASSETCATALOG_COMPILER_APPICON_NAME = AppIcon;
				ASSETCATALOG_COMPILER_GLOBAL_ACCENT_COLOR_NAME = AccentColor;
				CODE_SIGN_STYLE = Automatic;
				CURRENT_PROJECT_VERSION = 1;
				GENERATE_INFOPLIST_FILE = YES;
				INFOPLIST_FILE = MathBusters/Info.plist;
				INFOPLIST_KEY_UIApplicationSupportsIndirectInputEvents = YES;
				INFOPLIST_KEY_UILaunchStoryboardName = LaunchScreen;
				INFOPLIST_KEY_UIMainStoryboardFile = Main;
				INFOPLIST_KEY_UISupportedInterfaceOrientations_iPad = "UIInterfaceOrientationPortrait UIInterfaceOrientationPortraitUpsideDown UIInterfaceOrientationLandscapeLeft UIInterfaceOrientationLandscapeRight";
				INFOPLIST_KEY_UISupportedInterfaceOrientations_iPhone = "UIInterfaceOrientationPortrait UIInterfaceOrientationLandscapeLeft UIInterfaceOrientationLandscapeRight";
				IPHONEOS_DEPLOYMENT_TARGET = 15.0;
				LD_RUNPATH_SEARCH_PATHS = (
					"$(inherited)",
					"@executable_path/Frameworks",
				);
				MARKETING_VERSION = 1.0;
				PRODUCT_BUNDLE_IDENTIFIER = com.omarbayev.MathBusters;
				PRODUCT_NAME = "$(TARGET_NAME)";
				SWIFT_EMIT_LOC_STRINGS = YES;
				SWIFT_VERSION = 5.0;
				TARGETED_DEVICE_FAMILY = "1,2";
			};
			name = Release;
		};
/* End XCBuildConfiguration section */

/* Begin XCConfigurationList section */
		1CA36F522CCA57F6006BB817 /* Build configuration list for PBXProject "MathBusters" */ = {
			isa = XCConfigurationList;
			buildConfigurations = (
				1CA36F692CCA57F7006BB817 /* Debug */,
				1CA36F6A2CCA57F7006BB817 /* Release */,
			);
			defaultConfigurationIsVisible = 0;
			defaultConfigurationName = Release;
		};
		1CA36F6B2CCA57F7006BB817 /* Build configuration list for PBXNativeTarget "MathBusters" */ = {
			isa = XCConfigurationList;
			buildConfigurations = (
				1CA36F6C2CCA57F7006BB817 /* Debug */,
				1CA36F6D2CCA57F7006BB817 /* Release */,
			);
			defaultConfigurationIsVisible = 0;
			defaultConfigurationName = Release;
		};
/* End XCConfigurationList section */
	};
	rootObject = 1CA36F4F2CCA57F6006BB817 /* Project object */;
}
